
Microsoft Visual Studio Solution File, Format Version 12.00
# Visual Studio Version 17
VisualStudioVersion = 17.9.34723.18
MinimumVisualStudioVersion = 10.0.40219.1
Project("{FAE04EC0-301F-11D3-BF4B-00C04F79EFBC}") = "InterfaceAbstractDemo", "InterfaceAbstractdemo\InterfaceAbstractDemo.csproj", "{F600FBFD-50AF-4FD8-8971-0AD430361AD8}"
EndProject
Global
	GlobalSection(SolutionConfigurationPlatforms) = preSolution
		Debug|Any CPU = Debug|Any CPU
		Release|Any CPU = Release|Any CPU
	EndGlobalSection
	GlobalSection(ProjectConfigurationPlatforms) = postSolution
		{F600FBFD-50AF-4FD8-8971-0AD430361AD8}.Debug|Any CPU.ActiveCfg = Debug|Any CPU
		{F600FBFD-50AF-4FD8-8971-0AD430361AD8}.Debug|Any CPU.Build.0 = Debug|Any CPU
		{F600FBFD-50AF-4FD8-8971-0AD430361AD8}.Release|Any CPU.ActiveCfg = Release|Any CPU
		{F600FBFD-50AF-4FD8-8971-0AD430361AD8}.Release|Any CPU.Build.0 = Release|Any CPU
	EndGlobalSection
	GlobalSection(SolutionProperties) = preSolution
		HideSolutionNode = FALSE
	EndGlobalSection
	GlobalSection(ExtensibilityGlobals) = postSolution
		SolutionGuid = {C92B376B-F726-4677-A80A-FAEAA9D439DA}
	EndGlobalSection
EndGlobal
